<?xml version="1.0" encoding="utf-8"?>
<Project ToolsVersion="4.0" xmlns="http://schemas.microsoft.com/developer/msbuild/2003">
  <ItemGroup>
    <Filter Include="Source Files">
      <UniqueIdentifier>{4FC737F1-C7A5-4376-A066-2A32D752A2FF}</UniqueIdentifier>
      <Extensions>cpp;c;cc;cxx;def;odl;idl;hpj;bat;asm;asmx</Extensions>
    </Filter>
    <Filter Include="Header Files">
      <UniqueIdentifier>{93995380-89BD-4b04-88EB-625FBE52EBFB}</UniqueIdentifier>
      <Extensions>h;hpp;hxx;hm;inl;inc;xsd</Extensions>
    </Filter>
    <Filter Include="Resource Files">
      <UniqueIdentifier>{67DA6AB6-F800-4c08-8B7A-83BB121AAD01}</UniqueIdentifier>
      <Extensions>rc;ico;cur;bmp;dlg;rc2;rct;bin;rgs;gif;jpg;jpeg;jpe;resx;tiff;tif;png;wav;mfcribbon-ms</Extensions>
    </Filter>
  </ItemGroup>
  <ItemGroup>
    <ClInclude Include="stdafx.h">
      <Filter>Header Files</Filter>
    </ClInclude>
    <ClInclude Include="targetver.h">
      <Filter>Header Files</Filter>
    </ClInclude>
    <ClInclude Include="util\make_unique.hpp">
      <Filter>Header Files</Filter>
    </ClInclude>
    <ClInclude Include="util\Observable.hpp">
      <Filter>Header Files</Filter>
    </ClInclude>
    <ClInclude Include="util\Observer.hpp">
      <Filter>Header Files</Filter>
    </ClInclude>
    <ClInclude Include="util\Typedefs.hpp">
      <Filter>Header Files</Filter>
    </ClInclude>
    <ClInclude Include="util\Math.hpp">
      <Filter>Header Files</Filter>
    </ClInclude>
    <ClInclude Include="app\App.hpp">
      <Filter>Header Files</Filter>
    </ClInclude>
    <ClInclude Include="app\AppRunner.hpp">
      <Filter>Header Files</Filter>
    </ClInclude>
    <ClInclude Include="GameApp.hpp">
      <Filter>Header Files</Filter>
    </ClInclude>
    <ClInclude Include="app\Constants.hpp">
      <Filter>Header Files</Filter>
    </ClInclude>
    <ClInclude Include="world\Entity.hpp">
      <Filter>Header Files</Filter>
    </ClInclude>
    <ClInclude Include="world\AbstractEntity.hpp">
      <Filter>Header Files</Filter>
    </ClInclude>
    <ClInclude Include="graphics\Graphics.hpp">
      <Filter>Header Files</Filter>
    </ClInclude>
    <ClInclude Include="world\World.hpp">
      <Filter>Header Files</Filter>
    </ClInclude>
    <ClInclude Include="graphics\Sprite.hpp">
      <Filter>Header Files</Filter>
    </ClInclude>
    <ClInclude Include="ui\DirectGuiEventObserver.hpp">
      <Filter>Header Files</Filter>
    </ClInclude>
    <ClInclude Include="ui\GuiEventManager.hpp">
      <Filter>Header Files</Filter>
    </ClInclude>
    <ClInclude Include="ui\GuiEventObserver.hpp">
      <Filter>Header Files</Filter>
    </ClInclude>
    <ClInclude Include="world\Terrain.hpp">
      <Filter>Header Files</Filter>
    </ClInclude>
    <ClInclude Include="util\UUIDHash.hpp">
      <Filter>Header Files</Filter>
    </ClInclude>
    <ClInclude Include="world\Tank.hpp">
      <Filter>Header Files</Filter>
    </ClInclude>
    <ClInclude Include="controllers\Controller.hpp">
      <Filter>Header Files</Filter>
    </ClInclude>
    <ClInclude Include="util\GameLogicException.hpp">
      <Filter>Header Files</Filter>
    </ClInclude>
    <ClInclude Include="util\FileLoadException.hpp">
      <Filter>Header Files</Filter>
    </ClInclude>
    <ClInclude Include="graphics\sprites\TankSprite.hpp">
      <Filter>Header Files</Filter>
    </ClInclude>
    <ClInclude Include="graphics\sprites\AbstractSprite.hpp">
      <Filter>Header Files</Filter>
    </ClInclude>
    <ClInclude Include="graphics\Camera.hpp">
      <Filter>Header Files</Filter>
    </ClInclude>
    <ClInclude Include="graphics\cameras\SfmlCamera.hpp">
      <Filter>Header Files</Filter>
    </ClInclude>
    <ClInclude Include="controllers\entitycontrollers\MoveController.hpp">
      <Filter>Header Files</Filter>
    </ClInclude>
    <ClInclude Include="controllers\CameraController.hpp">
      <Filter>Header Files</Filter>
    </ClInclude>
    <ClInclude Include="controllers\cameracontrollers\SfmlCameraController.hpp">
      <Filter>Header Files</Filter>
    </ClInclude>
  </ItemGroup>
  <ItemGroup>
    <ClCompile Include="stdafx.cpp">
      <Filter>Source Files</Filter>
    </ClCompile>
    <ClCompile Include="rts-wars.cpp">
      <Filter>Source Files</Filter>
    </ClCompile>
    <ClCompile Include="app\AppRunner.cpp">
      <Filter>Source Files</Filter>
    </ClCompile>
    <ClCompile Include="GameApp.cpp">
      <Filter>Source Files</Filter>
    </ClCompile>
    <ClCompile Include="world\AbstractEntity.cpp">
      <Filter>Source Files</Filter>
    </ClCompile>
    <ClCompile Include="graphics\Graphics.cpp">
      <Filter>Source Files</Filter>
    </ClCompile>
    <ClCompile Include="world\World.cpp">
      <Filter>Source Files</Filter>
    </ClCompile>
    <ClCompile Include="ui\GuiEventManager.cpp">
      <Filter>Source Files</Filter>
    </ClCompile>
    <ClCompile Include="world\Terrain.cpp">
      <Filter>Source Files</Filter>
    </ClCompile>
    <ClCompile Include="world\Tank.cpp">
      <Filter>Source Files</Filter>
    </ClCompile>
    <ClCompile Include="util\GameLogicException.cpp">
      <Filter>Source Files</Filter>
    </ClCompile>
    <ClCompile Include="util\FileLoadException.cpp">
      <Filter>Source Files</Filter>
    </ClCompile>
    <ClCompile Include="graphics\sprites\TankSprite.cpp">
      <Filter>Source Files</Filter>
    </ClCompile>
    <ClCompile Include="graphics\sprites\AbstractSprite.cpp">
      <Filter>Source Files</Filter>
    </ClCompile>
    <ClCompile Include="graphics\cameras\SfmlCamera.cpp">
      <Filter>Source Files</Filter>
    </ClCompile>
    <ClCompile Include="controllers\entitycontrollers\MoveController.cpp">
      <Filter>Source Files</Filter>
    </ClCompile>
    <ClCompile Include="controllers\cameracontrollers\SfmlCameraController.cpp">
      <Filter>Source Files</Filter>
    </ClCompile>
  </ItemGroup>
</Project>