<?xml version="1.0" encoding="utf-8"?>
<Project ToolsVersion="4.0" xmlns="http://schemas.microsoft.com/developer/msbuild/2003">
  <ItemGroup>
    <Filter Include="Source Files">
      <UniqueIdentifier>{4FC737F1-C7A5-4376-A066-2A32D752A2FF}</UniqueIdentifier>
      <Extensions>cpp;c;cc;cxx;def;odl;idl;hpj;bat;asm;asmx</Extensions>
    </Filter>
    <Filter Include="Header Files">
      <UniqueIdentifier>{93995380-89BD-4b04-88EB-625FBE52EBFB}</UniqueIdentifier>
      <Extensions>h;hpp;hxx;hm;inl;inc;xsd</Extensions>
    </Filter>
    <Filter Include="Resource Files">
      <UniqueIdentifier>{67DA6AB6-F800-4c08-8B7A-83BB121AAD01}</UniqueIdentifier>
      <Extensions>rc;ico;cur;bmp;dlg;rc2;rct;bin;rgs;gif;jpg;jpeg;jpe;resx;tiff;tif;png;wav;mfcribbon-ms</Extensions>
    </Filter>
  </ItemGroup>
  <ItemGroup>
    <ClInclude Include="stdafx.h">
      <Filter>Header Files</Filter>
    </ClInclude>
    <ClInclude Include="targetver.h">
      <Filter>Header Files</Filter>
    </ClInclude>
    <ClInclude Include="util\make_unique.hpp">
      <Filter>Header Files</Filter>
    </ClInclude>
    <ClInclude Include="util\Observable.hpp">
      <Filter>Header Files</Filter>
    </ClInclude>
    <ClInclude Include="util\Observer.hpp">
      <Filter>Header Files</Filter>
    </ClInclude>
    <ClInclude Include="util\Typedefs.hpp">
      <Filter>Header Files</Filter>
    </ClInclude>
    <ClInclude Include="util\Math.hpp">
      <Filter>Header Files</Filter>
    </ClInclude>
    <ClInclude Include="app\App.hpp">
      <Filter>Header Files</Filter>
    </ClInclude>
    <ClInclude Include="app\AppRunner.hpp">
      <Filter>Header Files</Filter>
    </ClInclude>
    <ClInclude Include="GameApp.hpp">
      <Filter>Header Files</Filter>
    </ClInclude>
    <ClInclude Include="app\Constants.hpp">
      <Filter>Header Files</Filter>
    </ClInclude>
    <ClInclude Include="world\Entity.hpp">
      <Filter>Header Files</Filter>
    </ClInclude>
    <ClInclude Include="world\AbstractEntity.hpp">
      <Filter>Header Files</Filter>
    </ClInclude>
    <ClInclude Include="graphics\Graphics.hpp">
      <Filter>Header Files</Filter>
    </ClInclude>
    <ClInclude Include="world\World.hpp">
      <Filter>Header Files</Filter>
    </ClInclude>
    <ClInclude Include="graphics\Sprite.hpp">
      <Filter>Header Files</Filter>
    </ClInclude>
    <ClInclude Include="util\UUIDHash.hpp">
      <Filter>Header Files</Filter>
    </ClInclude>
    <ClInclude Include="world\Tank.hpp">
      <Filter>Header Files</Filter>
    </ClInclude>
    <ClInclude Include="controllers\Controller.hpp">
      <Filter>Header Files</Filter>
    </ClInclude>
    <ClInclude Include="util\GameLogicException.hpp">
      <Filter>Header Files</Filter>
    </ClInclude>
    <ClInclude Include="util\FileLoadException.hpp">
      <Filter>Header Files</Filter>
    </ClInclude>
    <ClInclude Include="graphics\sprites\TankSprite.hpp">
      <Filter>Header Files</Filter>
    </ClInclude>
    <ClInclude Include="graphics\sprites\AbstractSprite.hpp">
      <Filter>Header Files</Filter>
    </ClInclude>
    <ClInclude Include="graphics\Camera.hpp">
      <Filter>Header Files</Filter>
    </ClInclude>
    <ClInclude Include="graphics\cameras\SfmlCamera.hpp">
      <Filter>Header Files</Filter>
    </ClInclude>
    <ClInclude Include="controllers\entitycontrollers\MoveController.hpp">
      <Filter>Header Files</Filter>
    </ClInclude>
    <ClInclude Include="controllers\CameraController.hpp">
      <Filter>Header Files</Filter>
    </ClInclude>
    <ClInclude Include="controllers\cameracontrollers\SfmlCameraController.hpp">
      <Filter>Header Files</Filter>
    </ClInclude>
    <ClInclude Include="world\map\parser\MapParser.hpp">
      <Filter>Header Files</Filter>
    </ClInclude>
    <ClInclude Include="world\map\parser\TiledMapParser.hpp">
      <Filter>Header Files</Filter>
    </ClInclude>
    <ClInclude Include="world\map\GameMap.hpp">
      <Filter>Header Files</Filter>
    </ClInclude>
    <ClInclude Include="world\map\nav\NavGraphHelper.hpp">
      <Filter>Header Files</Filter>
    </ClInclude>
    <ClInclude Include="world\map\nav\Node.hpp">
      <Filter>Header Files</Filter>
    </ClInclude>
    <ClInclude Include="world\map\nav\PathKey.hpp">
      <Filter>Header Files</Filter>
    </ClInclude>
    <ClInclude Include="world\map\nav\PathNode.hpp">
      <Filter>Header Files</Filter>
    </ClInclude>
    <ClInclude Include="world\map\nav\Search.hpp">
      <Filter>Header Files</Filter>
    </ClInclude>
    <ClInclude Include="util\Vector2fAdapter.hpp">
      <Filter>Header Files</Filter>
    </ClInclude>
    <ClInclude Include="world\map\nav\GridLocation.hpp">
      <Filter>Header Files</Filter>
    </ClInclude>
    <ClInclude Include="world\map\terrain\AbstractTerrain.hpp">
      <Filter>Header Files</Filter>
    </ClInclude>
    <ClInclude Include="world\map\terrain\Bridge.hpp">
      <Filter>Header Files</Filter>
    </ClInclude>
    <ClInclude Include="world\map\terrain\Dirt.hpp">
      <Filter>Header Files</Filter>
    </ClInclude>
    <ClInclude Include="world\map\terrain\Grass.hpp">
      <Filter>Header Files</Filter>
    </ClInclude>
    <ClInclude Include="world\map\terrain\Road.hpp">
      <Filter>Header Files</Filter>
    </ClInclude>
    <ClInclude Include="world\map\terrain\Terrain.hpp">
      <Filter>Header Files</Filter>
    </ClInclude>
    <ClInclude Include="world\map\terrain\Water.hpp">
      <Filter>Header Files</Filter>
    </ClInclude>
    <ClInclude Include="util\NavGraphException.hpp">
      <Filter>Header Files</Filter>
    </ClInclude>
    <ClInclude Include="util\FileFormatException.hpp">
      <Filter>Header Files</Filter>
    </ClInclude>
    <ClInclude Include="world\map\maps\tiled\Map1.hpp">
      <Filter>Header Files</Filter>
    </ClInclude>
    <ClInclude Include="world\map\maps\tiled\TiledMapFileInfo.hpp">
      <Filter>Header Files</Filter>
    </ClInclude>
    <ClInclude Include="util\Assert.hpp">
      <Filter>Header Files</Filter>
    </ClInclude>
    <ClInclude Include="app\integration\TiledParserTest.hpp">
      <Filter>Header Files</Filter>
    </ClInclude>
    <ClInclude Include="util\PocoXmlScopedPointers.hpp">
      <Filter>Header Files</Filter>
    </ClInclude>
    <ClInclude Include="util\event\ui\DirectGuiEventObserver.hpp">
      <Filter>Header Files</Filter>
    </ClInclude>
    <ClInclude Include="util\event\ui\GuiEventManager.hpp">
      <Filter>Header Files</Filter>
    </ClInclude>
    <ClInclude Include="util\event\ui\GuiEventObserver.hpp">
      <Filter>Header Files</Filter>
    </ClInclude>
  </ItemGroup>
  <ItemGroup>
    <ClCompile Include="stdafx.cpp">
      <Filter>Source Files</Filter>
    </ClCompile>
    <ClCompile Include="rts-wars.cpp">
      <Filter>Source Files</Filter>
    </ClCompile>
    <ClCompile Include="app\AppRunner.cpp">
      <Filter>Source Files</Filter>
    </ClCompile>
    <ClCompile Include="GameApp.cpp">
      <Filter>Source Files</Filter>
    </ClCompile>
    <ClCompile Include="world\AbstractEntity.cpp">
      <Filter>Source Files</Filter>
    </ClCompile>
    <ClCompile Include="graphics\Graphics.cpp">
      <Filter>Source Files</Filter>
    </ClCompile>
    <ClCompile Include="world\World.cpp">
      <Filter>Source Files</Filter>
    </ClCompile>
    <ClCompile Include="world\Tank.cpp">
      <Filter>Source Files</Filter>
    </ClCompile>
    <ClCompile Include="util\GameLogicException.cpp">
      <Filter>Source Files</Filter>
    </ClCompile>
    <ClCompile Include="util\FileLoadException.cpp">
      <Filter>Source Files</Filter>
    </ClCompile>
    <ClCompile Include="graphics\sprites\TankSprite.cpp">
      <Filter>Source Files</Filter>
    </ClCompile>
    <ClCompile Include="graphics\sprites\AbstractSprite.cpp">
      <Filter>Source Files</Filter>
    </ClCompile>
    <ClCompile Include="graphics\cameras\SfmlCamera.cpp">
      <Filter>Source Files</Filter>
    </ClCompile>
    <ClCompile Include="controllers\entitycontrollers\MoveController.cpp">
      <Filter>Source Files</Filter>
    </ClCompile>
    <ClCompile Include="controllers\cameracontrollers\SfmlCameraController.cpp">
      <Filter>Source Files</Filter>
    </ClCompile>
    <ClCompile Include="world\map\parser\TiledMapParser.cpp">
      <Filter>Source Files</Filter>
    </ClCompile>
    <ClCompile Include="world\map\GameMap.cpp">
      <Filter>Source Files</Filter>
    </ClCompile>
    <ClCompile Include="world\map\nav\NavGraphHelper.cpp">
      <Filter>Source Files</Filter>
    </ClCompile>
    <ClCompile Include="world\map\nav\Node.cpp">
      <Filter>Source Files</Filter>
    </ClCompile>
    <ClCompile Include="world\map\nav\PathKey.cpp">
      <Filter>Source Files</Filter>
    </ClCompile>
    <ClCompile Include="world\map\nav\PathNode.cpp">
      <Filter>Source Files</Filter>
    </ClCompile>
    <ClCompile Include="world\map\nav\Search.cpp">
      <Filter>Source Files</Filter>
    </ClCompile>
    <ClCompile Include="util\Vector2fAdapter.cpp">
      <Filter>Source Files</Filter>
    </ClCompile>
    <ClCompile Include="world\map\nav\GridLocation.cpp">
      <Filter>Source Files</Filter>
    </ClCompile>
    <ClCompile Include="world\map\terrain\AbstractTerrain.cpp">
      <Filter>Source Files</Filter>
    </ClCompile>
    <ClCompile Include="world\map\terrain\Bridge.cpp">
      <Filter>Source Files</Filter>
    </ClCompile>
    <ClCompile Include="world\map\terrain\Dirt.cpp">
      <Filter>Source Files</Filter>
    </ClCompile>
    <ClCompile Include="world\map\terrain\Grass.cpp">
      <Filter>Source Files</Filter>
    </ClCompile>
    <ClCompile Include="world\map\terrain\Road.cpp">
      <Filter>Source Files</Filter>
    </ClCompile>
    <ClCompile Include="world\map\terrain\Water.cpp">
      <Filter>Source Files</Filter>
    </ClCompile>
    <ClCompile Include="util\NavGraphException.cpp">
      <Filter>Source Files</Filter>
    </ClCompile>
    <ClCompile Include="util\FileFormatException.cpp">
      <Filter>Source Files</Filter>
    </ClCompile>
    <ClCompile Include="world\map\maps\tiled\Map1.cpp">
      <Filter>Source Files</Filter>
    </ClCompile>
    <ClCompile Include="app\integration\TiledParserTest.cpp">
      <Filter>Source Files</Filter>
    </ClCompile>
    <ClCompile Include="util\event\ui\GuiEventManager.cpp">
      <Filter>Source Files</Filter>
    </ClCompile>
  </ItemGroup>
</Project>